
Microsoft Visual Studio Solution File, Format Version 12.00
# Visual Studio Version 17
VisualStudioVersion = 17.11.35327.3
MinimumVisualStudioVersion = 10.0.40219.1
Project("{FAE04EC0-301F-11D3-BF4B-00C04F79EFBC}") = "RestaurantManagementSystem.App", "RestaurantManagementSystem.App\RestaurantManagementSystem.App.csproj", "{719C04A8-3A1C-4B4E-A9D0-8E76757552D7}"
EndProject
Project("{FAE04EC0-301F-11D3-BF4B-00C04F79EFBC}") = "RestaurantManagementSystem.Core", "..\RestaurantManagementSystem.Core\RestaurantManagementSystem.Core.csproj", "{CB6C409F-B34F-4D9C-B44D-AA140304486B}"
EndProject
Project("{FAE04EC0-301F-11D3-BF4B-00C04F79EFBC}") = "RestaurantManagementSystem.DataAccess", "..\RestaurantManagementSystem.DataAccess\RestaurantManagementSystem.DataAccess.csproj", "{69D333DA-94A8-4D01-A66D-3F280737F939}"
EndProject
Project("{FAE04EC0-301F-11D3-BF4B-00C04F79EFBC}") = "RestaurantManagementSystem.Service", "..\RestaurantManagementSystem.Service\RestaurantManagementSystem.Service.csproj", "{1284B1AC-7A50-46C5-8152-91E0F0103CB2}"
EndProject
Global
	GlobalSection(SolutionConfigurationPlatforms) = preSolution
		Debug|Any CPU = Debug|Any CPU
		Release|Any CPU = Release|Any CPU
	EndGlobalSection
	GlobalSection(ProjectConfigurationPlatforms) = postSolution
		{719C04A8-3A1C-4B4E-A9D0-8E76757552D7}.Debug|Any CPU.ActiveCfg = Debug|Any CPU
		{719C04A8-3A1C-4B4E-A9D0-8E76757552D7}.Debug|Any CPU.Build.0 = Debug|Any CPU
		{719C04A8-3A1C-4B4E-A9D0-8E76757552D7}.Release|Any CPU.ActiveCfg = Release|Any CPU
		{719C04A8-3A1C-4B4E-A9D0-8E76757552D7}.Release|Any CPU.Build.0 = Release|Any CPU
		{CB6C409F-B34F-4D9C-B44D-AA140304486B}.Debug|Any CPU.ActiveCfg = Debug|Any CPU
		{CB6C409F-B34F-4D9C-B44D-AA140304486B}.Debug|Any CPU.Build.0 = Debug|Any CPU
		{CB6C409F-B34F-4D9C-B44D-AA140304486B}.Release|Any CPU.ActiveCfg = Release|Any CPU
		{CB6C409F-B34F-4D9C-B44D-AA140304486B}.Release|Any CPU.Build.0 = Release|Any CPU
		{69D333DA-94A8-4D01-A66D-3F280737F939}.Debug|Any CPU.ActiveCfg = Debug|Any CPU
		{69D333DA-94A8-4D01-A66D-3F280737F939}.Debug|Any CPU.Build.0 = Debug|Any CPU
		{69D333DA-94A8-4D01-A66D-3F280737F939}.Release|Any CPU.ActiveCfg = Release|Any CPU
		{69D333DA-94A8-4D01-A66D-3F280737F939}.Release|Any CPU.Build.0 = Release|Any CPU
		{1284B1AC-7A50-46C5-8152-91E0F0103CB2}.Debug|Any CPU.ActiveCfg = Debug|Any CPU
		{1284B1AC-7A50-46C5-8152-91E0F0103CB2}.Debug|Any CPU.Build.0 = Debug|Any CPU
		{1284B1AC-7A50-46C5-8152-91E0F0103CB2}.Release|Any CPU.ActiveCfg = Release|Any CPU
		{1284B1AC-7A50-46C5-8152-91E0F0103CB2}.Release|Any CPU.Build.0 = Release|Any CPU
	EndGlobalSection
	GlobalSection(SolutionProperties) = preSolution
		HideSolutionNode = FALSE
	EndGlobalSection
	GlobalSection(ExtensibilityGlobals) = postSolution
		SolutionGuid = {0A2EB466-111C-490A-92B2-5FBFAAEF989D}
	EndGlobalSection
EndGlobal
