
Microsoft Visual Studio Solution File, Format Version 12.00
# Visual Studio Version 17
VisualStudioVersion = 17.11.35327.3
MinimumVisualStudioVersion = 10.0.40219.1
Project("{9A19103F-16F7-4668-BE54-9A1E7A4F7556}") = "RestaurantManagementSystem.App", "RestaurantManagementSystem.App\RestaurantManagementSystem.App.csproj", "{719C04A8-3A1C-4B4E-A9D0-8E76757552D7}"
EndProject
Project("{9A19103F-16F7-4668-BE54-9A1E7A4F7556}") = "RestaurantManagementSystem.DataAccess", "RestaurantManagementSystem.DataAccess\RestaurantManagementSystem.DataAccess.csproj", "{6D35A834-F68B-4770-B7DB-84073C71C88A}"
EndProject
Project("{9A19103F-16F7-4668-BE54-9A1E7A4F7556}") = "RestaurantManagementSystem.Core", "RestaurantManagementSystem.Core\RestaurantManagementSystem.Core.csproj", "{C03C800E-86B1-4AD7-A63F-93B95F9063A5}"
EndProject
Project("{9A19103F-16F7-4668-BE54-9A1E7A4F7556}") = "RestaurantManagementSystem.Services", "RestaurantManagementSystem.Services\RestaurantManagementSystem.Services.csproj", "{06E35A1F-387B-4417-9AFD-1270A7F4BB36}"
EndProject
Project("{2150E333-8FDC-42A3-9474-1A3956D46DE8}") = "Solution Items", "Solution Items", "{BFA968E4-13AB-4420-A0CC-F7B8326410B3}"
	ProjectSection(SolutionItems) = preProject
		.editorconfig = .editorconfig
	EndProjectSection
EndProject
Global
	GlobalSection(SolutionConfigurationPlatforms) = preSolution
		Debug|Any CPU = Debug|Any CPU
		Release|Any CPU = Release|Any CPU
	EndGlobalSection
	GlobalSection(ProjectConfigurationPlatforms) = postSolution
		{719C04A8-3A1C-4B4E-A9D0-8E76757552D7}.Debug|Any CPU.ActiveCfg = Debug|Any CPU
		{719C04A8-3A1C-4B4E-A9D0-8E76757552D7}.Debug|Any CPU.Build.0 = Debug|Any CPU
		{719C04A8-3A1C-4B4E-A9D0-8E76757552D7}.Release|Any CPU.ActiveCfg = Release|Any CPU
		{719C04A8-3A1C-4B4E-A9D0-8E76757552D7}.Release|Any CPU.Build.0 = Release|Any CPU
		{6D35A834-F68B-4770-B7DB-84073C71C88A}.Debug|Any CPU.ActiveCfg = Debug|Any CPU
		{6D35A834-F68B-4770-B7DB-84073C71C88A}.Debug|Any CPU.Build.0 = Debug|Any CPU
		{6D35A834-F68B-4770-B7DB-84073C71C88A}.Release|Any CPU.ActiveCfg = Release|Any CPU
		{6D35A834-F68B-4770-B7DB-84073C71C88A}.Release|Any CPU.Build.0 = Release|Any CPU
		{C03C800E-86B1-4AD7-A63F-93B95F9063A5}.Debug|Any CPU.ActiveCfg = Debug|Any CPU
		{C03C800E-86B1-4AD7-A63F-93B95F9063A5}.Debug|Any CPU.Build.0 = Debug|Any CPU
		{C03C800E-86B1-4AD7-A63F-93B95F9063A5}.Release|Any CPU.ActiveCfg = Release|Any CPU
		{C03C800E-86B1-4AD7-A63F-93B95F9063A5}.Release|Any CPU.Build.0 = Release|Any CPU
		{06E35A1F-387B-4417-9AFD-1270A7F4BB36}.Debug|Any CPU.ActiveCfg = Debug|Any CPU
		{06E35A1F-387B-4417-9AFD-1270A7F4BB36}.Debug|Any CPU.Build.0 = Debug|Any CPU
		{06E35A1F-387B-4417-9AFD-1270A7F4BB36}.Release|Any CPU.ActiveCfg = Release|Any CPU
		{06E35A1F-387B-4417-9AFD-1270A7F4BB36}.Release|Any CPU.Build.0 = Release|Any CPU
	EndGlobalSection
	GlobalSection(SolutionProperties) = preSolution
		HideSolutionNode = FALSE
	EndGlobalSection
	GlobalSection(ExtensibilityGlobals) = postSolution
		SolutionGuid = {0A2EB466-111C-490A-92B2-5FBFAAEF989D}
	EndGlobalSection
EndGlobal
